schema: '2.0'
stages:
  prepare-data:
    cmd: python src/prepare_data.py
    deps:
    - path: data/raw/admission.csv
      hash: md5
      md5: 707a48f27cdd37eef9d2395654eb1381
      size: 16176
    - path: src/prepare_data.py
      hash: md5
      md5: 6b6beb0a16830ad61635d35377046e54
      size: 4923
    outs:
    - path: data/processed/X_test.csv
      hash: md5
      md5: 5f27ca5408c9614c60bccde784d7fd2e
      size: 5896
    - path: data/processed/X_train.csv
      hash: md5
      md5: eee6f204a7842714e9e18614514fe214
      size: 23556
    - path: data/processed/scaler.pkl
      hash: md5
      md5: e64a2e3333e3bce7c9c28c67535d240c
      size: 959
    - path: data/processed/y_test.csv
      hash: md5
      md5: 42fac559950b92b1242289a7099d72bd
      size: 509
    - path: data/processed/y_train.csv
      hash: md5
      md5: 2e9aaecd6d922986123ce2106fb999ff
      size: 1984
  grid-search:
    cmd: python src/grid_search.py
    deps:
    - path: data/processed/X_train.csv
      hash: md5
      md5: eee6f204a7842714e9e18614514fe214
      size: 23556
    - path: data/processed/y_train.csv
      hash: md5
      md5: 2e9aaecd6d922986123ce2106fb999ff
      size: 1984
    - path: src/grid_search.py
      hash: md5
      md5: fc66fdf76b54f7abf8184d6e0f21e090
      size: 8182
    outs:
    - path: models/best_model.pkl
      hash: md5
      md5: 5dbae75a3507caf9a25e396c22755afe
      size: 865
    - path: models/grid_search_results.json
      hash: md5
      md5: c7f36c741d221f0789e62fa01e99592b
      size: 1113
    - path: models/model_metadata.json
      hash: md5
      md5: 5d19d5e23fd35c9a8cdd010f00007c92
      size: 343
